
Microsoft Visual Studio Solution File, Format Version 12.00
# Visual Studio 2012
Project("{FAE04EC0-301F-11D3-BF4B-00C04F79EFBC}") = "PedagogyWorld", "PedagogyWorld\PedagogyWorld.csproj", "{B175937C-8E1E-4CB8-9B01-12FCE189083C}"
EndProject
Project("{FAE04EC0-301F-11D3-BF4B-00C04F79EFBC}") = "PedagogyWorld.Tests", "PedagogyWorld.Tests\PedagogyWorld.Tests.csproj", "{534E4227-407F-4E94-BE34-B3715D561EBE}"
EndProject
Project("{FAE04EC0-301F-11D3-BF4B-00C04F79EFBC}") = "PedagogyWorld.FileStorage", "PedagogyWorld.FileStorage\PedagogyWorld.FileStorage.csproj", "{60E39BBD-ABA8-4366-B577-4B8ADC5A2B9C}"
EndProject
Global
	GlobalSection(SolutionConfigurationPlatforms) = preSolution
		Debug|Any CPU = Debug|Any CPU
		Release|Any CPU = Release|Any CPU
	EndGlobalSection
	GlobalSection(ProjectConfigurationPlatforms) = postSolution
		{B175937C-8E1E-4CB8-9B01-12FCE189083C}.Debug|Any CPU.ActiveCfg = Debug|Any CPU
		{B175937C-8E1E-4CB8-9B01-12FCE189083C}.Debug|Any CPU.Build.0 = Debug|Any CPU
		{B175937C-8E1E-4CB8-9B01-12FCE189083C}.Release|Any CPU.ActiveCfg = Release|Any CPU
		{B175937C-8E1E-4CB8-9B01-12FCE189083C}.Release|Any CPU.Build.0 = Release|Any CPU
		{534E4227-407F-4E94-BE34-B3715D561EBE}.Debug|Any CPU.ActiveCfg = Debug|Any CPU
		{534E4227-407F-4E94-BE34-B3715D561EBE}.Debug|Any CPU.Build.0 = Debug|Any CPU
		{534E4227-407F-4E94-BE34-B3715D561EBE}.Release|Any CPU.ActiveCfg = Release|Any CPU
		{534E4227-407F-4E94-BE34-B3715D561EBE}.Release|Any CPU.Build.0 = Release|Any CPU
		{60E39BBD-ABA8-4366-B577-4B8ADC5A2B9C}.Debug|Any CPU.ActiveCfg = Debug|Any CPU
		{60E39BBD-ABA8-4366-B577-4B8ADC5A2B9C}.Debug|Any CPU.Build.0 = Debug|Any CPU
		{60E39BBD-ABA8-4366-B577-4B8ADC5A2B9C}.Release|Any CPU.ActiveCfg = Release|Any CPU
		{60E39BBD-ABA8-4366-B577-4B8ADC5A2B9C}.Release|Any CPU.Build.0 = Release|Any CPU
	EndGlobalSection
	GlobalSection(SolutionProperties) = preSolution
		HideSolutionNode = FALSE
	EndGlobalSection
EndGlobal
